{
    "name": "tests",
    "lockfileVersion": 2,
    "requires": true,
    "packages": {
        "": {
            "devDependencies": {
                "@types/jsdom": "^21.1.4"
            }
        },
        "node_modules/@types/jsdom": {
            "version": "21.1.4",
            "resolved": "https://registry.npmjs.org/@types/jsdom/-/jsdom-21.1.4.tgz",
            "integrity": "sha512-NzAMLEV0KQ4cBaDx3Ls8VfJUElyDUm1xrtYRmcMK0gF8L5xYbujFVaQlJ50yinQ/d47j2rEP1XUzkiYrw4YRFA==",
            "dev": true,
            "dependencies": {
                "@types/node": "*",
                "@types/tough-cookie": "*",
                "parse5": "^7.0.0"
            }
        },
        "node_modules/@types/node": {
            "version": "20.8.9",
            "resolved": "https://registry.npmjs.org/@types/node/-/node-20.8.9.tgz",
            "integrity": "sha512-UzykFsT3FhHb1h7yD4CA4YhBHq545JC0YnEz41xkipN88eKQtL6rSgocL5tbAP6Ola9Izm/Aw4Ora8He4x0BHg==",
            "dev": true,
            "dependencies": {
                "undici-types": "~5.26.4"
            }
        },
        "node_modules/@types/tough-cookie": {
            "version": "4.0.4",
            "resolved": "https://registry.npmjs.org/@types/tough-cookie/-/tough-cookie-4.0.4.tgz",
            "integrity": "sha512-95Sfz4nvMAb0Nl9DTxN3j64adfwfbBPEYq14VN7zT5J5O2M9V6iZMIIQU1U+pJyl9agHYHNCqhCXgyEtIRRa5A==",
            "dev": true
        },
        "node_modules/entities": {
            "version": "4.5.0",
            "resolved": "https://registry.npmjs.org/entities/-/entities-4.5.0.tgz",
            "integrity": "sha512-V0hjH4dGPh9Ao5p0MoRY6BVqtwCjhz6vI5LT8AJ55H+4g9/4vbHx1I54fS0XuclLhDHArPQCiMjDxjaL8fPxhw==",
            "dev": true,
            "engines": {
                "node": ">=0.12"
            },
            "funding": {
                "url": "https://github.com/fb55/entities?sponsor=1"
            }
        },
        "node_modules/parse5": {
            "version": "7.1.2",
            "resolved": "https://registry.npmjs.org/parse5/-/parse5-7.1.2.tgz",
            "integrity": "sha512-Czj1WaSVpaoj0wbhMzLmWD69anp2WH7FXMB9n1Sy8/ZFF9jolSQVMu1Ij5WIyGmcBmhk7EOndpO4mIpihVqAXw==",
            "dev": true,
            "dependencies": {
                "entities": "^4.4.0"
            },
            "funding": {
                "url": "https://github.com/inikulin/parse5?sponsor=1"
            }
        },
        "node_modules/undici-types": {
            "version": "5.26.5",
            "resolved": "https://registry.npmjs.org/undici-types/-/undici-types-5.26.5.tgz",
            "integrity": "sha512-JlCMO+ehdEIKqlFxk6IfVoAUVmgz7cU7zD/h9XZ0qzeosSHmUJVOzSQvvYSYWXkFXC+IfLKSIffhv0sVZup6pA==",
            "dev": true
        }
    },
    "dependencies": {
        "@types/jsdom": {
            "version": "21.1.4",
            "resolved": "https://registry.npmjs.org/@types/jsdom/-/jsdom-21.1.4.tgz",
            "integrity": "sha512-NzAMLEV0KQ4cBaDx3Ls8VfJUElyDUm1xrtYRmcMK0gF8L5xYbujFVaQlJ50yinQ/d47j2rEP1XUzkiYrw4YRFA==",
            "dev": true,
            "requires": {
                "@types/node": "*",
                "@types/tough-cookie": "*",
                "parse5": "^7.0.0"
            }
        },
        "@types/node": {
            "version": "20.8.9",
            "resolved": "https://registry.npmjs.org/@types/node/-/node-20.8.9.tgz",
            "integrity": "sha512-UzykFsT3FhHb1h7yD4CA4YhBHq545JC0YnEz41xkipN88eKQtL6rSgocL5tbAP6Ola9Izm/Aw4Ora8He4x0BHg==",
            "dev": true,
            "requires": {
                "undici-types": "~5.26.4"
            }
        },
        "@types/tough-cookie": {
            "version": "4.0.4",
            "resolved": "https://registry.npmjs.org/@types/tough-cookie/-/tough-cookie-4.0.4.tgz",
            "integrity": "sha512-95Sfz4nvMAb0Nl9DTxN3j64adfwfbBPEYq14VN7zT5J5O2M9V6iZMIIQU1U+pJyl9agHYHNCqhCXgyEtIRRa5A==",
            "dev": true
        },
        "entities": {
            "version": "4.5.0",
            "resolved": "https://registry.npmjs.org/entities/-/entities-4.5.0.tgz",
            "integrity": "sha512-V0hjH4dGPh9Ao5p0MoRY6BVqtwCjhz6vI5LT8AJ55H+4g9/4vbHx1I54fS0XuclLhDHArPQCiMjDxjaL8fPxhw==",
            "dev": true
        },
        "parse5": {
            "version": "7.1.2",
            "resolved": "https://registry.npmjs.org/parse5/-/parse5-7.1.2.tgz",
            "integrity": "sha512-Czj1WaSVpaoj0wbhMzLmWD69anp2WH7FXMB9n1Sy8/ZFF9jolSQVMu1Ij5WIyGmcBmhk7EOndpO4mIpihVqAXw==",
            "dev": true,
            "requires": {
                "entities": "^4.4.0"
            }
        },
        "undici-types": {
            "version": "5.26.5",
            "resolved": "https://registry.npmjs.org/undici-types/-/undici-types-5.26.5.tgz",
            "integrity": "sha512-JlCMO+ehdEIKqlFxk6IfVoAUVmgz7cU7zD/h9XZ0qzeosSHmUJVOzSQvvYSYWXkFXC+IfLKSIffhv0sVZup6pA==",
            "dev": true
        }
    }
}
